
Microsoft Visual Studio Solution File, Format Version 12.00
# Visual Studio Version 16
VisualStudioVersion = 16.0.30104.148
MinimumVisualStudioVersion = 10.0.40219.1
Project("{FAE04EC0-301F-11D3-BF4B-00C04F79EFBC}") = "BirthdayControlMVC", "BirthdayControlMVC\BirthdayControlMVC.csproj", "{5E984499-C36D-4714-80B1-8959E13A5B63}"
EndProject
Global
	GlobalSection(SolutionConfigurationPlatforms) = preSolution
		Debug|Any CPU = Debug|Any CPU
		Release|Any CPU = Release|Any CPU
	EndGlobalSection
	GlobalSection(ProjectConfigurationPlatforms) = postSolution
		{5E984499-C36D-4714-80B1-8959E13A5B63}.Debug|Any CPU.ActiveCfg = Debug|Any CPU
		{5E984499-C36D-4714-80B1-8959E13A5B63}.Debug|Any CPU.Build.0 = Debug|Any CPU
		{5E984499-C36D-4714-80B1-8959E13A5B63}.Release|Any CPU.ActiveCfg = Release|Any CPU
		{5E984499-C36D-4714-80B1-8959E13A5B63}.Release|Any CPU.Build.0 = Release|Any CPU
	EndGlobalSection
	GlobalSection(SolutionProperties) = preSolution
		HideSolutionNode = FALSE
	EndGlobalSection
	GlobalSection(ExtensibilityGlobals) = postSolution
		SolutionGuid = {57B2AA52-85B7-403C-B300-7DCE85476520}
	EndGlobalSection
EndGlobal
